
Microsoft Visual Studio Solution File, Format Version 12.00
# Visual Studio Version 16
VisualStudioVersion = 16.0.29709.97
MinimumVisualStudioVersion = 10.0.40219.1
Project("{FAE04EC0-301F-11D3-BF4B-00C04F79EFBC}") = "Savings Forecast", "Savings Forecast\Savings Forecast.csproj", "{250AB620-E316-4525-9E5B-F9CC50C723FA}"
EndProject
Project("{FAE04EC0-301F-11D3-BF4B-00C04F79EFBC}") = "SavingValuesTest", "SavingValuesTest\SavingValuesTest.csproj", "{5B72AD22-252C-4942-B6F9-DF565B085EDD}"
EndProject
Global
	GlobalSection(SolutionConfigurationPlatforms) = preSolution
		Debug|Any CPU = Debug|Any CPU
		Release|Any CPU = Release|Any CPU
	EndGlobalSection
	GlobalSection(ProjectConfigurationPlatforms) = postSolution
		{250AB620-E316-4525-9E5B-F9CC50C723FA}.Debug|Any CPU.ActiveCfg = Debug|Any CPU
		{250AB620-E316-4525-9E5B-F9CC50C723FA}.Debug|Any CPU.Build.0 = Debug|Any CPU
		{250AB620-E316-4525-9E5B-F9CC50C723FA}.Release|Any CPU.ActiveCfg = Release|Any CPU
		{250AB620-E316-4525-9E5B-F9CC50C723FA}.Release|Any CPU.Build.0 = Release|Any CPU
		{5B72AD22-252C-4942-B6F9-DF565B085EDD}.Debug|Any CPU.ActiveCfg = Debug|Any CPU
		{5B72AD22-252C-4942-B6F9-DF565B085EDD}.Debug|Any CPU.Build.0 = Debug|Any CPU
		{5B72AD22-252C-4942-B6F9-DF565B085EDD}.Release|Any CPU.ActiveCfg = Release|Any CPU
		{5B72AD22-252C-4942-B6F9-DF565B085EDD}.Release|Any CPU.Build.0 = Release|Any CPU
	EndGlobalSection
	GlobalSection(SolutionProperties) = preSolution
		HideSolutionNode = FALSE
	EndGlobalSection
	GlobalSection(ExtensibilityGlobals) = postSolution
		SolutionGuid = {1CF2A0EC-D7D1-4F49-B7D0-96007442F2D5}
	EndGlobalSection
EndGlobal
